
Microsoft Visual Studio Solution File, Format Version 12.00
# Visual Studio 2013
VisualStudioVersion = 12.0.30723.0
MinimumVisualStudioVersion = 10.0.40219.1
Project("{FAE04EC0-301F-11D3-BF4B-00C04F79EFBC}") = "MLCache", "./MlCache/MLCache.csproj", "{3925FA34-ABE0-4A0E-BA15-CDCE6F3DF235}"
EndProject
Project("{FAE04EC0-301F-11D3-BF4B-00C04F79EFBC}") = "MLCacheExamples", ".\MLCacheExamples\MLCacheExamples.csproj", "{7AACD15C-C735-4607-913C-E24C03894687}"
EndProject
Global
	GlobalSection(SolutionConfigurationPlatforms) = preSolution
		Debug|Any CPU = Debug|Any CPU
		Release|Any CPU = Release|Any CPU
	EndGlobalSection
	GlobalSection(ProjectConfigurationPlatforms) = postSolution
		{3925FA34-ABE0-4A0E-BA15-CDCE6F3DF235}.Debug|Any CPU.ActiveCfg = Debug|Any CPU
		{3925FA34-ABE0-4A0E-BA15-CDCE6F3DF235}.Debug|Any CPU.Build.0 = Debug|Any CPU
		{3925FA34-ABE0-4A0E-BA15-CDCE6F3DF235}.Release|Any CPU.ActiveCfg = Release|Any CPU
		{3925FA34-ABE0-4A0E-BA15-CDCE6F3DF235}.Release|Any CPU.Build.0 = Release|Any CPU
		{7AACD15C-C735-4607-913C-E24C03894687}.Debug|Any CPU.ActiveCfg = Debug|Any CPU
		{7AACD15C-C735-4607-913C-E24C03894687}.Debug|Any CPU.Build.0 = Debug|Any CPU
		{7AACD15C-C735-4607-913C-E24C03894687}.Release|Any CPU.ActiveCfg = Release|Any CPU
		{7AACD15C-C735-4607-913C-E24C03894687}.Release|Any CPU.Build.0 = Release|Any CPU
	EndGlobalSection
	GlobalSection(SolutionProperties) = preSolution
		HideSolutionNode = FALSE
	EndGlobalSection
EndGlobal
